
Microsoft Visual Studio Solution File, Format Version 12.00
# Visual Studio Version 17
VisualStudioVersion = 17.9.34321.82
MinimumVisualStudioVersion = 10.0.40219.1
Project("{8BC9CEB8-8B4A-11D0-8D11-00A0C91BC942}") = "task1", "task1\task1.vcxproj", "{789E3DB1-E732-48AB-A26F-2122EE853EBE}"
EndProject
Global
	GlobalSection(SolutionConfigurationPlatforms) = preSolution
		Debug|x64 = Debug|x64
		Debug|x86 = Debug|x86
		Release|x64 = Release|x64
		Release|x86 = Release|x86
	EndGlobalSection
	GlobalSection(ProjectConfigurationPlatforms) = postSolution
		{789E3DB1-E732-48AB-A26F-2122EE853EBE}.Debug|x64.ActiveCfg = Debug|x64
		{789E3DB1-E732-48AB-A26F-2122EE853EBE}.Debug|x64.Build.0 = Debug|x64
		{789E3DB1-E732-48AB-A26F-2122EE853EBE}.Debug|x86.ActiveCfg = Debug|Win32
		{789E3DB1-E732-48AB-A26F-2122EE853EBE}.Debug|x86.Build.0 = Debug|Win32
		{789E3DB1-E732-48AB-A26F-2122EE853EBE}.Release|x64.ActiveCfg = Release|x64
		{789E3DB1-E732-48AB-A26F-2122EE853EBE}.Release|x64.Build.0 = Release|x64
		{789E3DB1-E732-48AB-A26F-2122EE853EBE}.Release|x86.ActiveCfg = Release|Win32
		{789E3DB1-E732-48AB-A26F-2122EE853EBE}.Release|x86.Build.0 = Release|Win32
	EndGlobalSection
	GlobalSection(SolutionProperties) = preSolution
		HideSolutionNode = FALSE
	EndGlobalSection
	GlobalSection(ExtensibilityGlobals) = postSolution
		SolutionGuid = {8EB8B489-BC22-4AA5-84EC-45911317D631}
	EndGlobalSection
EndGlobal
